{
  "version": 4,
  "terraform_version": "1.15.4",
  "serial": 1,
  "lineage": "ca7646c8-e695-56ab-7b40-51765daba139",
  "outputs": {},
  "resources": [
    {
      "mode": "managed",
      "type": "aws_vpc",
      "name": "example",
      "provider": "provider[\"registry.terraform.io/hashicorp/aws\"]",
      "instances": [
        {
          "schema_version": 1,
          "attributes": {
            "arn": "arn:aws:ec2:ap-northeast-2:237265226259:vpc/vpc-09dd33c0568d9e1dd",
            "assign_generated_ipv6_cidr_block": false,
            "cidr_block": "10.0.0.0/16",
            "default_network_acl_id": "acl-07bdba9fedfad7e3d",
            "default_route_table_id": "rtb-040b73dabc073495d",
            "default_security_group_id": "sg-0cca55f6c01e709ee",
            "dhcp_options_id": "dopt-0e40e1a86bccca915",
            "enable_dns_hostnames": false,
            "enable_dns_support": true,
            "enable_network_address_usage_metrics": false,
            "id": "vpc-09dd33c0568d9e1dd",
            "instance_tenancy": "default",
            "ipv4_ipam_pool_id": null,
            "ipv4_netmask_length": null,
            "ipv6_association_id": "",
            "ipv6_cidr_block": "",
            "ipv6_cidr_block_network_border_group": "",
            "ipv6_ipam_pool_id": "",
            "ipv6_netmask_length": 0,
            "main_route_table_id": "rtb-040b73dabc073495d",
            "owner_id": "237265226259",
            "region": "ap-northeast-2",
            "tags": {
              "Name": "example"
            },
            "tags_all": {
              "Name": "example"
            }
          },
          "sensitive_attributes": [],
          "identity_schema_version": 0,
          "identity": {
            "account_id": "237265226259",
            "id": "vpc-09dd33c0568d9e1dd",
            "region": "ap-northeast-2"
          },
          "private": "eyJzY2hlbWFfdmVyc2lvbiI6IjEifQ=="
        }
      ]
    }
  ],
  "check_results": null
}
